
Microsoft Visual Studio Solution File, Format Version 12.00
# Visual Studio Version 17
VisualStudioVersion = 17.9.34902.65
MinimumVisualStudioVersion = 10.0.40219.1
Project("{FAE04EC0-301F-11D3-BF4B-00C04F79EFBC}") = "NewLife", "NewLife\NewLife.csproj", "{3B9D4BE5-7B3F-47AC-AEFD-1FCB5FA3E5CE}"
EndProject
Global
	GlobalSection(SolutionConfigurationPlatforms) = preSolution
		Debug|Any CPU = Debug|Any CPU
		Release|Any CPU = Release|Any CPU
	EndGlobalSection
	GlobalSection(ProjectConfigurationPlatforms) = postSolution
		{3B9D4BE5-7B3F-47AC-AEFD-1FCB5FA3E5CE}.Debug|Any CPU.ActiveCfg = Debug|Any CPU
		{3B9D4BE5-7B3F-47AC-AEFD-1FCB5FA3E5CE}.Debug|Any CPU.Build.0 = Debug|Any CPU
		{3B9D4BE5-7B3F-47AC-AEFD-1FCB5FA3E5CE}.Release|Any CPU.ActiveCfg = Release|Any CPU
		{3B9D4BE5-7B3F-47AC-AEFD-1FCB5FA3E5CE}.Release|Any CPU.Build.0 = Release|Any CPU
	EndGlobalSection
	GlobalSection(SolutionProperties) = preSolution
		HideSolutionNode = FALSE
	EndGlobalSection
	GlobalSection(ExtensibilityGlobals) = postSolution
		SolutionGuid = {E00BC240-2268-41BB-BB84-F610AA7AD030}
	EndGlobalSection
EndGlobal
